// !$*UTF8*$!
{
	archiveVersion = 1;
	classes = {
	};
	objectVersion = 56;
	objects = {

/* Begin PBXBuildFile section */
		65216E152C11CEFD0083EDA1 /* AppDelegate.swift in Sources */ = {isa = PBXBuildFile; fileRef = 65216E142C11CEFD0083EDA1 /* AppDelegate.swift */; };
		65216E172C11CEFD0083EDA1 /* SceneDelegate.swift in Sources */ = {isa = PBXBuildFile; fileRef = 65216E162C11CEFD0083EDA1 /* SceneDelegate.swift */; };
		65216E192C11CEFD0083EDA1 /* ViewController.swift in Sources */ = {isa = PBXBuildFile; fileRef = 65216E182C11CEFD0083EDA1 /* ViewController.swift */; };
		65216E1C2C11CEFD0083EDA1 /* Base in Resources */ = {isa = PBXBuildFile; fileRef = 65216E1B2C11CEFD0083EDA1 /* Base */; };
		65216E1F2C11CEFD0083EDA1 /* Simple_Db.xcdatamodeld in Sources */ = {isa = PBXBuildFile; fileRef = 65216E1D2C11CEFD0083EDA1 /* Simple_Db.xcdatamodeld */; };
		65216E212C11CEFF0083EDA1 /* Assets.xcassets in Resources */ = {isa = PBXBuildFile; fileRef = 65216E202C11CEFF0083EDA1 /* Assets.xcassets */; };
		65216E242C11CEFF0083EDA1 /* Base in Resources */ = {isa = PBXBuildFile; fileRef = 65216E232C11CEFF0083EDA1 /* Base */; };
		6535EA3C2C233506006C6E2B /* ProgressBar.swift in Sources */ = {isa = PBXBuildFile; fileRef = 6535EA3B2C233506006C6E2B /* ProgressBar.swift */; };
		659830B62C2C966700F685D8 /* Main.storyboard in Resources */ = {isa = PBXBuildFile; fileRef = 65216E1A2C11CEFD0083EDA1 /* Main.storyboard */; };
/* End PBXBuildFile section */

/* Begin PBXFileReference section */
		65216E112C11CEFD0083EDA1 /* Simple Db.app */ = {isa = PBXFileReference; explicitFileType = wrapper.application; includeInIndex = 0; path = "Simple Db.app"; sourceTree = BUILT_PRODUCTS_DIR; };
		65216E142C11CEFD0083EDA1 /* AppDelegate.swift */ = {isa = PBXFileReference; lastKnownFileType = sourcecode.swift; path = AppDelegate.swift; sourceTree = "<group>"; };
		65216E162C11CEFD0083EDA1 /* SceneDelegate.swift */ = {isa = PBXFileReference; lastKnownFileType = sourcecode.swift; path = SceneDelegate.swift; sourceTree = "<group>"; };
		65216E182C11CEFD0083EDA1 /* ViewController.swift */ = {isa = PBXFileReference; lastKnownFileType = sourcecode.swift; path = ViewController.swift; sourceTree = "<group>"; };
		65216E1B2C11CEFD0083EDA1 /* Base */ = {isa = PBXFileReference; lastKnownFileType = file.storyboard; name = Base; path = Base.lproj/Main.storyboard; sourceTree = "<group>"; };
		65216E1E2C11CEFD0083EDA1 /* Simple_Db.xcdatamodel */ = {isa = PBXFileReference; lastKnownFileType = wrapper.xcdatamodel; path = Simple_Db.xcdatamodel; sourceTree = "<group>"; };
		65216E202C11CEFF0083EDA1 /* Assets.xcassets */ = {isa = PBXFileReference; lastKnownFileType = folder.assetcatalog; path = Assets.xcassets; sourceTree = "<group>"; };
		65216E232C11CEFF0083EDA1 /* Base */ = {isa = PBXFileReference; lastKnownFileType = file.storyboard; name = Base; path = Base.lproj/LaunchScreen.storyboard; sourceTree = "<group>"; };
		65216E252C11CEFF0083EDA1 /* Info.plist */ = {isa = PBXFileReference; lastKnownFileType = text.plist.xml; path = Info.plist; sourceTree = "<group>"; };
		6535EA3B2C233506006C6E2B /* ProgressBar.swift */ = {isa = PBXFileReference; lastKnownFileType = sourcecode.swift; path = ProgressBar.swift; sourceTree = "<group>"; };
/* End PBXFileReference section */

/* Begin PBXFrameworksBuildPhase section */
		65216E0E2C11CEFD0083EDA1 /* Frameworks */ = {
			isa = PBXFrameworksBuildPhase;
			buildActionMask = 2147483647;
			files = (
			);
			runOnlyForDeploymentPostprocessing = 0;
		};
/* End PBXFrameworksBuildPhase section */

/* Begin PBXGroup section */
		65216E082C11CEFD0083EDA1 = {
			isa = PBXGroup;
			children = (
				65216E132C11CEFD0083EDA1 /* Simple Db */,
				65216E122C11CEFD0083EDA1 /* Products */,
			);
			sourceTree = "<group>";
		};
		65216E122C11CEFD0083EDA1 /* Products */ = {
			isa = PBXGroup;
			children = (
				65216E112C11CEFD0083EDA1 /* Simple Db.app */,
			);
			name = Products;
			sourceTree = "<group>";
		};
		65216E132C11CEFD0083EDA1 /* Simple Db */ = {
			isa = PBXGroup;
			children = (
				65216E142C11CEFD0083EDA1 /* AppDelegate.swift */,
				65216E162C11CEFD0083EDA1 /* SceneDelegate.swift */,
				65216E182C11CEFD0083EDA1 /* ViewController.swift */,
				6535EA3B2C233506006C6E2B /* ProgressBar.swift */,
				65216E1A2C11CEFD0083EDA1 /* Main.storyboard */,
				65216E202C11CEFF0083EDA1 /* Assets.xcassets */,
				65216E222C11CEFF0083EDA1 /* LaunchScreen.storyboard */,
				65216E252C11CEFF0083EDA1 /* Info.plist */,
				65216E1D2C11CEFD0083EDA1 /* Simple_Db.xcdatamodeld */,
			);
			path = "Simple Db";
			sourceTree = "<group>";
		};
/* End PBXGroup section */

/* Begin PBXNativeTarget section */
		65216E102C11CEFD0083EDA1 /* Simple Db */ = {
			isa = PBXNativeTarget;
			buildConfigurationList = 65216E282C11CEFF0083EDA1 /* Build configuration list for PBXNativeTarget "Simple Db" */;
			buildPhases = (
				65216E0D2C11CEFD0083EDA1 /* Sources */,
				65216E0E2C11CEFD0083EDA1 /* Frameworks */,
				65216E0F2C11CEFD0083EDA1 /* Resources */,
			);
			buildRules = (
			);
			dependencies = (
			);
			name = "Simple Db";
			packageProductDependencies = (
			);
			productName = "Simple Db";
			productReference = 65216E112C11CEFD0083EDA1 /* Simple Db.app */;
			productType = "com.apple.product-type.application";
		};
/* End PBXNativeTarget section */

/* Begin PBXProject section */
		65216E092C11CEFD0083EDA1 /* Project object */ = {
			isa = PBXProject;
			attributes = {
				BuildIndependentTargetsInParallel = 1;
				LastSwiftUpdateCheck = 1540;
				LastUpgradeCheck = 1540;
				TargetAttributes = {
					65216E102C11CEFD0083EDA1 = {
						CreatedOnToolsVersion = 15.4;
					};
				};
			};
			buildConfigurationList = 65216E0C2C11CEFD0083EDA1 /* Build configuration list for PBXProject "Simple Db" */;
			compatibilityVersion = "Xcode 14.0";
			developmentRegion = en;
			hasScannedForEncodings = 0;
			knownRegions = (
				en,
				Base,
			);
			mainGroup = 65216E082C11CEFD0083EDA1;
			packageReferences = (
				659830A62C2C691200F685D8 /* XCRemoteSwiftPackageReference "AudioKit" */,
				659830A92C2C693D00F685D8 /* XCRemoteSwiftPackageReference "AudioKitEX" */,
				659830AF2C2C6DDF00F685D8 /* XCRemoteSwiftPackageReference "SoundpipeAudioKit" */,
				659830B22C2C95B100F685D8 /* XCRemoteSwiftPackageReference "KissFFT" */,
			);
			productRefGroup = 65216E122C11CEFD0083EDA1 /* Products */;
			projectDirPath = "";
			projectRoot = "";
			targets = (
				65216E102C11CEFD0083EDA1 /* Simple Db */,
			);
		};
/* End PBXProject section */

/* Begin PBXResourcesBuildPhase section */
		65216E0F2C11CEFD0083EDA1 /* Resources */ = {
			isa = PBXResourcesBuildPhase;
			buildActionMask = 2147483647;
			files = (
				65216E212C11CEFF0083EDA1 /* Assets.xcassets in Resources */,
				65216E242C11CEFF0083EDA1 /* Base in Resources */,
				65216E1C2C11CEFD0083EDA1 /* Base in Resources */,
				659830B62C2C966700F685D8 /* Main.storyboard in Resources */,
			);
			runOnlyForDeploymentPostprocessing = 0;
		};
/* End PBXResourcesBuildPhase section */

/* Begin PBXSourcesBuildPhase section */
		65216E0D2C11CEFD0083EDA1 /* Sources */ = {
			isa = PBXSourcesBuildPhase;
			buildActionMask = 2147483647;
			files = (
				65216E192C11CEFD0083EDA1 /* ViewController.swift in Sources */,
				65216E1F2C11CEFD0083EDA1 /* Simple_Db.xcdatamodeld in Sources */,
				65216E152C11CEFD0083EDA1 /* AppDelegate.swift in Sources */,
				6535EA3C2C233506006C6E2B /* ProgressBar.swift in Sources */,
				65216E172C11CEFD0083EDA1 /* SceneDelegate.swift in Sources */,
			);
			runOnlyForDeploymentPostprocessing = 0;
		};
/* End PBXSourcesBuildPhase section */

/* Begin PBXVariantGroup section */
		65216E1A2C11CEFD0083EDA1 /* Main.storyboard */ = {
			isa = PBXVariantGroup;
			children = (
				65216E1B2C11CEFD0083EDA1 /* Base */,
			);
			name = Main.storyboard;
			sourceTree = "<group>";
		};
		65216E222C11CEFF0083EDA1 /* LaunchScreen.storyboard */ = {
			isa = PBXVariantGroup;
			children = (
				65216E232C11CEFF0083EDA1 /* Base */,
			);
			name = LaunchScreen.storyboard;
			sourceTree = "<group>";
		};
/* End PBXVariantGroup section */

/* Begin XCBuildConfiguration section */
		65216E262C11CEFF0083EDA1 /* Debug */ = {
			isa = XCBuildConfiguration;
			buildSettings = {
				ALWAYS_SEARCH_USER_PATHS = NO;
				ASSETCATALOG_COMPILER_GENERATE_SWIFT_ASSET_SYMBOL_EXTENSIONS = YES;
				CLANG_ANALYZER_NONNULL = YES;
				CLANG_ANALYZER_NUMBER_OBJECT_CONVERSION = YES_AGGRESSIVE;
				CLANG_CXX_LANGUAGE_STANDARD = "gnu++20";
				CLANG_ENABLE_MODULES = YES;
				CLANG_ENABLE_OBJC_ARC = YES;
				CLANG_ENABLE_OBJC_WEAK = YES;
				CLANG_WARN_BLOCK_CAPTURE_AUTORELEASING = YES;
				CLANG_WARN_BOOL_CONVERSION = YES;
				CLANG_WARN_COMMA = YES;
				CLANG_WARN_CONSTANT_CONVERSION = YES;
				CLANG_WARN_DEPRECATED_OBJC_IMPLEMENTATIONS = YES;
				CLANG_WARN_DIRECT_OBJC_ISA_USAGE = YES_ERROR;
				CLANG_WARN_DOCUMENTATION_COMMENTS = YES;
				CLANG_WARN_EMPTY_BODY = YES;
				CLANG_WARN_ENUM_CONVERSION = YES;
				CLANG_WARN_INFINITE_RECURSION = YES;
				CLANG_WARN_INT_CONVERSION = YES;
				CLANG_WARN_NON_LITERAL_NULL_CONVERSION = YES;
				CLANG_WARN_OBJC_IMPLICIT_RETAIN_SELF = YES;
				CLANG_WARN_OBJC_LITERAL_CONVERSION = YES;
				CLANG_WARN_OBJC_ROOT_CLASS = YES_ERROR;
				CLANG_WARN_QUOTED_INCLUDE_IN_FRAMEWORK_HEADER = YES;
				CLANG_WARN_RANGE_LOOP_ANALYSIS = YES;
				CLANG_WARN_STRICT_PROTOTYPES = YES;
				CLANG_WARN_SUSPICIOUS_MOVE = YES;
				CLANG_WARN_UNGUARDED_AVAILABILITY = YES_AGGRESSIVE;
				CLANG_WARN_UNREACHABLE_CODE = YES;
				CLANG_WARN__DUPLICATE_METHOD_MATCH = YES;
				COPY_PHASE_STRIP = NO;
				DEBUG_INFORMATION_FORMAT = dwarf;
				ENABLE_STRICT_OBJC_MSGSEND = YES;
				ENABLE_TESTABILITY = YES;
				ENABLE_USER_SCRIPT_SANDBOXING = YES;
				GCC_C_LANGUAGE_STANDARD = gnu17;
				GCC_DYNAMIC_NO_PIC = NO;
				GCC_NO_COMMON_BLOCKS = YES;
				GCC_OPTIMIZATION_LEVEL = 0;
				GCC_PREPROCESSOR_DEFINITIONS = (
					"DEBUG=1",
					"$(inherited)",
				);
				GCC_WARN_64_TO_32_BIT_CONVERSION = YES;
				GCC_WARN_ABOUT_RETURN_TYPE = YES_ERROR;
				GCC_WARN_UNDECLARED_SELECTOR = YES;
				GCC_WARN_UNINITIALIZED_AUTOS = YES_AGGRESSIVE;
				GCC_WARN_UNUSED_FUNCTION = YES;
				GCC_WARN_UNUSED_VARIABLE = YES;
				IPHONEOS_DEPLOYMENT_TARGET = 15.0;
				LOCALIZATION_PREFERS_STRING_CATALOGS = YES;
				MTL_ENABLE_DEBUG_INFO = INCLUDE_SOURCE;
				MTL_FAST_MATH = YES;
				ONLY_ACTIVE_ARCH = YES;
				SDKROOT = iphoneos;
				SWIFT_ACTIVE_COMPILATION_CONDITIONS = "DEBUG $(inherited)";
				SWIFT_OPTIMIZATION_LEVEL = "-Onone";
			};
			name = Debug;
		};
		65216E272C11CEFF0083EDA1 /* Release */ = {
			isa = XCBuildConfiguration;
			buildSettings = {
				ALWAYS_SEARCH_USER_PATHS = NO;
				ASSETCATALOG_COMPILER_GENERATE_SWIFT_ASSET_SYMBOL_EXTENSIONS = YES;
				CLANG_ANALYZER_NONNULL = YES;
				CLANG_ANALYZER_NUMBER_OBJECT_CONVERSION = YES_AGGRESSIVE;
				CLANG_CXX_LANGUAGE_STANDARD = "gnu++20";
				CLANG_ENABLE_MODULES = YES;
				CLANG_ENABLE_OBJC_ARC = YES;
				CLANG_ENABLE_OBJC_WEAK = YES;
				CLANG_WARN_BLOCK_CAPTURE_AUTORELEASING = YES;
				CLANG_WARN_BOOL_CONVERSION = YES;
				CLANG_WARN_COMMA = YES;
				CLANG_WARN_CONSTANT_CONVERSION = YES;
				CLANG_WARN_DEPRECATED_OBJC_IMPLEMENTATIONS = YES;
				CLANG_WARN_DIRECT_OBJC_ISA_USAGE = YES_ERROR;
				CLANG_WARN_DOCUMENTATION_COMMENTS = YES;
				CLANG_WARN_EMPTY_BODY = YES;
				CLANG_WARN_ENUM_CONVERSION = YES;
				CLANG_WARN_INFINITE_RECURSION = YES;
				CLANG_WARN_INT_CONVERSION = YES;
				CLANG_WARN_NON_LITERAL_NULL_CONVERSION = YES;
				CLANG_WARN_OBJC_IMPLICIT_RETAIN_SELF = YES;
				CLANG_WARN_OBJC_LITERAL_CONVERSION = YES;
				CLANG_WARN_OBJC_ROOT_CLASS = YES_ERROR;
				CLANG_WARN_QUOTED_INCLUDE_IN_FRAMEWORK_HEADER = YES;
				CLANG_WARN_RANGE_LOOP_ANALYSIS = YES;
				CLANG_WARN_STRICT_PROTOTYPES = YES;
				CLANG_WARN_SUSPICIOUS_MOVE = YES;
				CLANG_WARN_UNGUARDED_AVAILABILITY = YES_AGGRESSIVE;
				CLANG_WARN_UNREACHABLE_CODE = YES;
				CLANG_WARN__DUPLICATE_METHOD_MATCH = YES;
				COPY_PHASE_STRIP = NO;
				DEBUG_INFORMATION_FORMAT = "dwarf-with-dsym";
				ENABLE_NS_ASSERTIONS = NO;
				ENABLE_STRICT_OBJC_MSGSEND = YES;
				ENABLE_USER_SCRIPT_SANDBOXING = YES;
				GCC_C_LANGUAGE_STANDARD = gnu17;
				GCC_NO_COMMON_BLOCKS = YES;
				GCC_WARN_64_TO_32_BIT_CONVERSION = YES;
				GCC_WARN_ABOUT_RETURN_TYPE = YES_ERROR;
				GCC_WARN_UNDECLARED_SELECTOR = YES;
				GCC_WARN_UNINITIALIZED_AUTOS = YES_AGGRESSIVE;
				GCC_WARN_UNUSED_FUNCTION = YES;
				GCC_WARN_UNUSED_VARIABLE = YES;
				IPHONEOS_DEPLOYMENT_TARGET = 15.0;
				LOCALIZATION_PREFERS_STRING_CATALOGS = YES;
				MTL_ENABLE_DEBUG_INFO = NO;
				MTL_FAST_MATH = YES;
				SDKROOT = iphoneos;
				SWIFT_COMPILATION_MODE = wholemodule;
				VALIDATE_PRODUCT = YES;
			};
			name = Release;
		};
		65216E292C11CEFF0083EDA1 /* Debug */ = {
			isa = XCBuildConfiguration;
			buildSettings = {
				ASSETCATALOG_COMPILER_APPICON_NAME = AppIcon;
				ASSETCATALOG_COMPILER_GLOBAL_ACCENT_COLOR_NAME = AccentColor;
				CODE_SIGN_STYLE = Automatic;
				CURRENT_PROJECT_VERSION = 1;
				DEVELOPMENT_TEAM = SVFF6W5Y6W;
				GENERATE_INFOPLIST_FILE = YES;
				INFOPLIST_FILE = "Simple Db/Info.plist";
				INFOPLIST_KEY_CFBundleDisplayName = "Simple dB";
				INFOPLIST_KEY_LSApplicationCategoryType = "public.app-category.utilities";
				INFOPLIST_KEY_NSMicrophoneUsageDescription = "Allow access to the microphone to measure volume level.";
				INFOPLIST_KEY_UIApplicationSupportsIndirectInputEvents = YES;
				INFOPLIST_KEY_UILaunchStoryboardName = LaunchScreen;
				INFOPLIST_KEY_UIMainStoryboardFile = Main;
				INFOPLIST_KEY_UISupportedInterfaceOrientations = UIInterfaceOrientationPortrait;
				INFOPLIST_KEY_UISupportedInterfaceOrientations_iPad = "UIInterfaceOrientationLandscapeLeft UIInterfaceOrientationLandscapeRight UIInterfaceOrientationPortrait UIInterfaceOrientationPortraitUpsideDown";
				IPHONEOS_DEPLOYMENT_TARGET = 15.0;
				LD_RUNPATH_SEARCH_PATHS = (
					"$(inherited)",
					"@executable_path/Frameworks",
				);
				MARKETING_VERSION = 1.0;
				PRODUCT_BUNDLE_IDENTIFIER = "com.danielhusiuk.Simple-Db";
				PRODUCT_NAME = "$(TARGET_NAME)";
				SUPPORTED_PLATFORMS = "iphoneos iphonesimulator";
				SUPPORTS_MACCATALYST = NO;
				SUPPORTS_MAC_DESIGNED_FOR_IPHONE_IPAD = NO;
				SUPPORTS_XR_DESIGNED_FOR_IPHONE_IPAD = NO;
				SWIFT_EMIT_LOC_STRINGS = YES;
				SWIFT_VERSION = 5.0;
				TARGETED_DEVICE_FAMILY = 1;
			};
			name = Debug;
		};
		65216E2A2C11CEFF0083EDA1 /* Release */ = {
			isa = XCBuildConfiguration;
			buildSettings = {
				ASSETCATALOG_COMPILER_APPICON_NAME = AppIcon;
				ASSETCATALOG_COMPILER_GLOBAL_ACCENT_COLOR_NAME = AccentColor;
				CODE_SIGN_STYLE = Automatic;
				CURRENT_PROJECT_VERSION = 1;
				DEVELOPMENT_TEAM = SVFF6W5Y6W;
				GENERATE_INFOPLIST_FILE = YES;
				INFOPLIST_FILE = "Simple Db/Info.plist";
				INFOPLIST_KEY_CFBundleDisplayName = "Simple dB";
				INFOPLIST_KEY_LSApplicationCategoryType = "public.app-category.utilities";
				INFOPLIST_KEY_NSMicrophoneUsageDescription = "Allow access to the microphone to measure volume level.";
				INFOPLIST_KEY_UIApplicationSupportsIndirectInputEvents = YES;
				INFOPLIST_KEY_UILaunchStoryboardName = LaunchScreen;
				INFOPLIST_KEY_UIMainStoryboardFile = Main;
				INFOPLIST_KEY_UISupportedInterfaceOrientations = UIInterfaceOrientationPortrait;
				INFOPLIST_KEY_UISupportedInterfaceOrientations_iPad = "UIInterfaceOrientationLandscapeLeft UIInterfaceOrientationLandscapeRight UIInterfaceOrientationPortrait UIInterfaceOrientationPortraitUpsideDown";
				IPHONEOS_DEPLOYMENT_TARGET = 15.0;
				LD_RUNPATH_SEARCH_PATHS = (
					"$(inherited)",
					"@executable_path/Frameworks",
				);
				MARKETING_VERSION = 1.0;
				PRODUCT_BUNDLE_IDENTIFIER = "com.danielhusiuk.Simple-Db";
				PRODUCT_NAME = "$(TARGET_NAME)";
				SUPPORTED_PLATFORMS = "iphoneos iphonesimulator";
				SUPPORTS_MACCATALYST = NO;
				SUPPORTS_MAC_DESIGNED_FOR_IPHONE_IPAD = NO;
				SUPPORTS_XR_DESIGNED_FOR_IPHONE_IPAD = NO;
				SWIFT_EMIT_LOC_STRINGS = YES;
				SWIFT_VERSION = 5.0;
				TARGETED_DEVICE_FAMILY = 1;
			};
			name = Release;
		};
/* End XCBuildConfiguration section */

/* Begin XCConfigurationList section */
		65216E0C2C11CEFD0083EDA1 /* Build configuration list for PBXProject "Simple Db" */ = {
			isa = XCConfigurationList;
			buildConfigurations = (
				65216E262C11CEFF0083EDA1 /* Debug */,
				65216E272C11CEFF0083EDA1 /* Release */,
			);
			defaultConfigurationIsVisible = 0;
			defaultConfigurationName = Release;
		};
		65216E282C11CEFF0083EDA1 /* Build configuration list for PBXNativeTarget "Simple Db" */ = {
			isa = XCConfigurationList;
			buildConfigurations = (
				65216E292C11CEFF0083EDA1 /* Debug */,
				65216E2A2C11CEFF0083EDA1 /* Release */,
			);
			defaultConfigurationIsVisible = 0;
			defaultConfigurationName = Release;
		};
/* End XCConfigurationList section */

/* Begin XCRemoteSwiftPackageReference section */
		659830A62C2C691200F685D8 /* XCRemoteSwiftPackageReference "AudioKit" */ = {
			isa = XCRemoteSwiftPackageReference;
			repositoryURL = "https://github.com/AudioKit/AudioKit.git";
			requirement = {
				kind = upToNextMajorVersion;
				minimumVersion = 5.6.4;
			};
		};
		659830A92C2C693D00F685D8 /* XCRemoteSwiftPackageReference "AudioKitEX" */ = {
			isa = XCRemoteSwiftPackageReference;
			repositoryURL = "https://github.com/AudioKit/AudioKitEX.git";
			requirement = {
				kind = upToNextMajorVersion;
				minimumVersion = 5.6.0;
			};
		};
		659830AF2C2C6DDF00F685D8 /* XCRemoteSwiftPackageReference "SoundpipeAudioKit" */ = {
			isa = XCRemoteSwiftPackageReference;
			repositoryURL = "https://github.com/AudioKit/SoundpipeAudioKit.git";
			requirement = {
				kind = upToNextMajorVersion;
				minimumVersion = 5.6.1;
			};
		};
		659830B22C2C95B100F685D8 /* XCRemoteSwiftPackageReference "KissFFT" */ = {
			isa = XCRemoteSwiftPackageReference;
			repositoryURL = "https://github.com/AudioKit/KissFFT.git";
			requirement = {
				kind = upToNextMajorVersion;
				minimumVersion = 1.0.0;
			};
		};
/* End XCRemoteSwiftPackageReference section */

/* Begin XCVersionGroup section */
		65216E1D2C11CEFD0083EDA1 /* Simple_Db.xcdatamodeld */ = {
			isa = XCVersionGroup;
			children = (
				65216E1E2C11CEFD0083EDA1 /* Simple_Db.xcdatamodel */,
			);
			currentVersion = 65216E1E2C11CEFD0083EDA1 /* Simple_Db.xcdatamodel */;
			path = Simple_Db.xcdatamodeld;
			sourceTree = "<group>";
			versionGroupType = wrapper.xcdatamodel;
		};
/* End XCVersionGroup section */
	};
	rootObject = 65216E092C11CEFD0083EDA1 /* Project object */;
}
